
Microsoft Visual Studio Solution File, Format Version 12.00
# Visual Studio Version 17
VisualStudioVersion = 17.14.36518.9 d17.14
MinimumVisualStudioVersion = 10.0.40219.1
Project("{FAE04EC0-301F-11D3-BF4B-00C04F79EFBC}") = "apitest", "apitest\apitest.csproj", "{57DBF476-7F7C-4FC7-B11D-4622B4D950C3}"
EndProject
Global
	GlobalSection(SolutionConfigurationPlatforms) = preSolution
		Debug|Any CPU = Debug|Any CPU
		Release|Any CPU = Release|Any CPU
	EndGlobalSection
	GlobalSection(ProjectConfigurationPlatforms) = postSolution
		{57DBF476-7F7C-4FC7-B11D-4622B4D950C3}.Debug|Any CPU.ActiveCfg = Debug|Any CPU
		{57DBF476-7F7C-4FC7-B11D-4622B4D950C3}.Debug|Any CPU.Build.0 = Debug|Any CPU
		{57DBF476-7F7C-4FC7-B11D-4622B4D950C3}.Release|Any CPU.ActiveCfg = Release|Any CPU
		{57DBF476-7F7C-4FC7-B11D-4622B4D950C3}.Release|Any CPU.Build.0 = Release|Any CPU
	EndGlobalSection
	GlobalSection(SolutionProperties) = preSolution
		HideSolutionNode = FALSE
	EndGlobalSection
	GlobalSection(ExtensibilityGlobals) = postSolution
		SolutionGuid = {A3430701-E388-436A-B647-91D5C4D0550D}
	EndGlobalSection
EndGlobal
